github.com/aws/aws-sdk-go-v2 v1.25.1 h1:P7hU6A5qEdmajGwvae/zDkOq+ULLC9tQBTwqqiwFGpI=
github.com/aws/aws-sdk-go-v2 v1.25.1/go.mod h1:Evoc5AsmtveRt1komDwIsjHFyrP5tDuF1D1U+6z6pNo=
github.com/aws/aws-sdk-go-v2/config v1.27.3 h1:0PRdb/q5a77HVYj+2rvPiCObfMfl/pWhwa5cs3cnl3c=
github.com/aws/aws-sdk-go-v2/config v1.27.3/go.mod h1:WeRAr9ENap9NAegbfNsLqGQd8ERz5ypdIUx4j0/ZgKI=
github.com/aws/aws-sdk-go-v2/credentials v1.17.3 h1:dDM5wrgwOL5gTZ0Gv/bvewPldjBcJywoaO5ClERrOGE=
github.com/aws/aws-sdk-go-v2/credentials v1.17.3/go.mod h1:G96Nuaw9qJS+s3OnK8RW8VEKEOjXi8H5Jk4lC/ZyZbw=
github.com/aws/aws-sdk-go-v2/feature/ec2/imds v1.15.1 h1:lk1ZZFbdb24qpOwVC1AwYNrswUjAxeyey6kFBVANudQ=
github.com/aws/aws-sdk-go-v2/feature/ec2/imds v1.15.1/go.mod h1:/xJ6x1NehNGCX4tvGzzj2bq5TBOT/Yxq+qbL9Jpx2Vk=
github.com/aws/aws-sdk-go-v2/internal/configsources v1.3.1 h1:evvi7FbTAoFxdP/mixmP7LIYzQWAmzBcwNB/es9XPNc=
github.com/aws/aws-sdk-go-v2/internal/configsources v1.3.1/go.mod h1:rH61DT6FDdikhPghymripNUCsf+uVF4Cnk4c4DBKH64=
github.com/aws/aws-sdk-go-v2/internal/endpoints/v2 v2.6.1 h1:RAnaIrbxPtlXNVI/OIlh1sidTQ3e1qM6LRjs7N0bE0I=
github.com/aws/aws-sdk-go-v2/internal/endpoints/v2 v2.6.1/go.mod h1:nbgAGkH5lk0RZRMh6A4K/oG6Xj11eC/1CyDow+DUAFI=
github.com/aws/aws-sdk-go-v2/internal/ini v1.8.0 h1:hT8rVHwugYE2lEfdFE0QWVo81lF7jMrYJVDWI+f+VxU=
github.com/aws/aws-sdk-go-v2/internal/ini v1.8.0/go.mod h1:8tu/lYfQfFe6IGnaOdrpVgEL2IrrDOf6/m9RQum4NkY=
github.com/aws/aws-sdk-go-v2/service/internal/accept-encoding v1.11.1 h1:EyBZibRTVAs6ECHZOw5/wlylS9OcTzwyjeQMudmREjE=
github.com/aws/aws-sdk-go-v2/service/internal/accept-encoding v1.11.1/go.mod h1:JKpmtYhhPs7D97NL/ltqz7yCkERFW5dOlHyVl66ZYF8=
github.com/aws/aws-sdk-go-v2/service/internal/presigned-url v1.11.1 h1:cVP8mng1RjDyI3JN/AXFCn5FHNlsBaBH0/MBtG1bg0o=
github.com/aws/aws-sdk-go-v2/service/internal/presigned-url v1.11.1/go.mod h1:C8sQjoyAsdfjC7hpy4+S6B92hnFzx0d0UAyHicaOTIE=
github.com/aws/aws-sdk-go-v2/service/kms v1.29.0 h1:Bh/O+dlEep66SxC4UK4Xc9s4Oad8uGgliD1OegRGkjs=
github.com/aws/aws-sdk-go-v2/service/kms v1.29.0/go.mod h1:Rhu4Ig8QBzH4I+UevFGTy5av3nyRQ7DZPuqCSCA+88k=
github.com/aws/aws-sdk-go-v2/service/sso v1.20.0 h1:6YL8G91QZ52KlPrLkEgEez5kejIVwChVCgND3qgY5j0=
github.com/aws/aws-sdk-go-v2/service/sso v1.20.0/go.mod h1:x6/tCd1o/AOKQR+iYnjrzhJxD+w0xRN34asGPaSV7ew=
github.com/aws/aws-sdk-go-v2/service/ssooidc v1.23.0 h1:+DqIa5Ll7W311QLUvGFDdVit9uC4G0VioDdw08cXcow=
github.com/aws/aws-sdk-go-v2/service/ssooidc v1.23.0/go.mod h1:lZB123q0SVQ3dfIbEOcGzhQHrwVBcHVReNS9tm20oU4=
github.com/aws/aws-sdk-go-v2/service/sts v1.28.0 h1:F7tQr61zYnTaeY50Rn4jwfVQbtcqJuBRwN/nGGNwzb0=
github.com/aws/aws-sdk-go-v2/service/sts v1.28.0/go.mod h1:ozhhG9/NB5c9jcmhGq6tX9dpp21LYdmRWRQVppASim4=
github.com/aws/smithy-go v1.20.1 h1:4SZlSlMr36UEqC7XOyRVb27XMeZubNcBNN+9IgEPIQw=
github.com/aws/smithy-go v1.20.1/go.mod h1:krry+ya/rV9RDcV/Q16kpu6ypI4K2czasz0NC3qS14E=
github.com/coreos/go-systemd/v22 v22.5.0/go.mod h1:Y58oyj3AT4RCenI/lSvhwexgC+NSVTIJ3seZv2GcEnc=
github.com/davecgh/go-spew v1.1.0/go.mod h1:J7Y8YcW2NihsgmVo/mv3lAwl/skON4iLHjSsI+c5H38=
github.com/davecgh/go-spew v1.1.1 h1:vj9j/u1bqnvCEfJOwUhtlOARqs3+rkHYY13jYWTU97c=
github.com/davecgh/go-spew v1.1.1/go.mod h1:J7Y8YcW2NihsgmVo/mv3lAwl/skON4iLHjSsI+c5H38=
github.com/godbus/dbus/v5 v5.0.4/go.mod h1:xhWf0FNVPg57R7Z0UbKHbJfkEywrmjJnf7w5xrFpKfA=
github.com/google/go-cmp v0.5.8 h1:e6P7q2lk1O+qJJb4BtCQXlK8vWEO8V1ZeuEdJNOqZyg=
github.com/mattn/go-colorable v0.1.13 h1:fFA4WZxdEF4tXPZVKMLwD8oUnCTTo08duU7wxecdEvA=
github.com/mattn/go-colorable v0.1.13/go.mod h1:7S9/ev0klgBDR4GtXTXX8a3vIGJpMovkB8vQcUbaXHg=
github.com/mattn/go-isatty v0.0.16/go.mod h1:kYGgaQfpe5nmfYZH+SKPsOc2e4SrIfOl2e/yFXSvRLM=
github.com/mattn/go-isatty v0.0.19/go.mod h1:W+V8PltTTMOvKvAeJH7IuucS94S2C6jfK/D7dTCTo3Y=
github.com/mattn/go-isatty v0.0.20 h1:xfD0iDuEKnDkl03q4limB+vH+GxLEtL/jb4xVJSWWEY=
github.com/mattn/go-isatty v0.0.20/go.mod h1:W+V8PltTTMOvKvAeJH7IuucS94S2C6jfK/D7dTCTo3Y=
github.com/pkg/errors v0.9.1/go.mod h1:bwawxfHBFNV+L2hUp1rHADufV3IMtnDRdf1r5NINEl0=
github.com/pmezard/go-difflib v1.0.0 h1:4DBwDE0NGyQoBHbLQYPwSUPoCMWR5BEzIk/f1lZbAQM=
github.com/pmezard/go-difflib v1.0.0/go.mod h1:iKH77koFhYxTK1pcRnkKkqfTogsbg7gZNVY4sRDYZ/4=
github.com/rs/xid v1.5.0/go.mod h1:trrq9SKmegXys3aeAKXMUTdJsYXVwGY3RLcfgqegfbg=
github.com/rs/zerolog v1.32.0 h1:keLypqrlIjaFsbmJOBdB/qvyF8KEtCWHwobLp5l/mQ0=
github.com/rs/zerolog v1.32.0/go.mod h1:/7mN4D5sKwJLZQ2b/znpjC3/GQWY/xaDXUM0kKWRHss=
github.com/stretchr/objx v0.1.0/go.mod h1:HFkY916IF+rwdDfMAkV7OtwuqBVzrE8GR6GFx+wExME=
github.com/stretchr/objx v0.4.0/go.mod h1:YvHI0jy2hoMjB+UWwv71VJQ9isScKT/TqJzVSSt89Yw=
github.com/stretchr/objx v0.5.0 h1:1zr/of2m5FGMsad5YfcqgdqdWrIhu+EBEJRhR1U7z/c=
github.com/stretchr/objx v0.5.0/go.mod h1:Yh+to48EsGEfYuaHDzXPcE3xhTkx73EhmCGUpEOglKo=
github.com/stretchr/testify v1.7.1/go.mod h1:6Fq8oRcR53rry900zMqJjRRixrwX3KX962/h/Wwjteg=
github.com/stretchr/testify v1.8.0/go.mod h1:yNjHg4UonilssWZ8iaSj1OCr/vHnekPRkoO+kdMU+MU=
github.com/stretchr/testify v1.8.4 h1:CcVxjf3Q8PM0mHUKJCdn+eZZtm5yQwehR5yeSVQQcUk=
github.com/stretchr/testify v1.8.4/go.mod h1:sz/lmYIOXD/1dqDmKjjqLyZ2RngseejIcXlSw2iwfAo=
golang.org/x/crypto v0.18.0 h1:PGVlW0xEltQnzFZ55hkuX5+KLyrMYhHld1YHO4AKcdc=
golang.org/x/crypto v0.18.0/go.mod h1:R0j02AL6hcrfOiy9T4ZYp/rcWeMxM3L6QYxlOuEG1mg=
golang.org/x/sys v0.0.0-20220811171246-fbc7d0a398ab/go.mod h1:oPkhp1MJrh7nUepCBck5+mAzfO9JrbApNNgaTdGDITg=
golang.org/x/sys v0.6.0/go.mod h1:oPkhp1MJrh7nUepCBck5+mAzfO9JrbApNNgaTdGDITg=
golang.org/x/sys v0.12.0/go.mod h1:oPkhp1MJrh7nUepCBck5+mAzfO9JrbApNNgaTdGDITg=
golang.org/x/sys v0.16.0 h1:xWw16ngr6ZMtmxDyKyIgsE93KNKz5HKmMa3b8ALHidU=
golang.org/x/sys v0.16.0/go.mod h1:/VUhepiaJMQUp4+oa/7Zr1D23ma6VTLIYjOOTFZPUcA=
gopkg.in/check.v1 v0.0.0-20161208181325-20d25e280405 h1:yhCVgyC4o1eVCa2tZl7eS0r+SDo693bJlVdllGtEeKM=
gopkg.in/check.v1 v0.0.0-20161208181325-20d25e280405/go.mod h1:Co6ibVJAznAaIkqp8huTwlJQCZ016jof/cbN4VW5Yz0=
gopkg.in/yaml.v3 v3.0.0-20200313102051-9f266ea9e77c/go.mod h1:K4uyk7z7BCEPqu6E+C64Yfv1cQ7kz7rIZviUmN+EgEM=
gopkg.in/yaml.v3 v3.0.1 h1:fxVm/GzAzEWqLHuvctI91KS9hhNmmWOoWu0XTYJS7CA=
gopkg.in/yaml.v3 v3.0.1/go.mod h1:K4uyk7z7BCEPqu6E+C64Yfv1cQ7kz7rIZviUmN+EgEM=
