github.com/aws/aws-sdk-go-v2 v1.22.0 h1:CpTS3XO3MWNel8ohoazkLZC6scvkYL2k+m0yzFJ17Hg=
github.com/aws/aws-sdk-go-v2 v1.22.0/go.mod h1:Kd0OJtkW3Q0M0lUWGszapWjEvrXDzRW+D21JNsroB+c=
github.com/aws/aws-sdk-go-v2/config v1.20.0 h1:q2+/mqFhY0J9m3Tb5RGFE3R4sdaUkIe4k2EuDfE3c08=
github.com/aws/aws-sdk-go-v2/config v1.20.0/go.mod h1:7+1riCZXyT+sAGvneR5j+Zl1GyfbBUNQurpQTE6FP6k=
github.com/aws/aws-sdk-go-v2/credentials v1.14.0 h1:LQquqPE7cL55RQmA/UBoBKehDlEtMnQKm3B0Q672ePE=
github.com/aws/aws-sdk-go-v2/credentials v1.14.0/go.mod h1:q/3oaTPlamrQWHPwJe56Mjq9g1TYDgddvgTgWJtHTmE=
github.com/aws/aws-sdk-go-v2/feature/ec2/imds v1.14.0 h1:lF/cVllNAPKgjDwN2RsQUX9g/f6hXer9f10ubLFSoug=
github.com/aws/aws-sdk-go-v2/feature/ec2/imds v1.14.0/go.mod h1:c28nJNzMVVb9TQpZ5q4tzZvwEJwf/7So7Ie2s90l1Fw=
github.com/aws/aws-sdk-go-v2/internal/configsources v1.2.0 h1:tN6dNNE4SzMuyMnVtQJXGVKX177/d5Zy4MuA1HA4KUc=
github.com/aws/aws-sdk-go-v2/internal/configsources v1.2.0/go.mod h1:F6MXWETIeetAHwFHyoHEqrcB3NpijFv9nLP5h9CXtT0=
github.com/aws/aws-sdk-go-v2/internal/endpoints/v2 v2.5.0 h1:bfdsbTARDjaC/dSYGMO+E0psxFU4hTvCLnqYAfZ3D38=
github.com/aws/aws-sdk-go-v2/internal/endpoints/v2 v2.5.0/go.mod h1:Jg8XVv5M2V2wiAMvBFx+O59jg6Yr8vhP0bgNF/IuquM=
github.com/aws/aws-sdk-go-v2/internal/ini v1.4.0 h1:21tlTXq3ev10yLMAjXZzpkZbrl49h3ElSjmxD57tD/E=
github.com/aws/aws-sdk-go-v2/internal/ini v1.4.0/go.mod h1:d9YrBHJhyzDCv5UsEVRizHlFV6Q0sLemFq6uxuqWfUw=
github.com/aws/aws-sdk-go-v2/service/internal/presigned-url v1.10.0 h1:dJnwy5Awv+uvfk73aRENVbv1cSQQ60ydCkPaun097KM=
github.com/aws/aws-sdk-go-v2/service/internal/presigned-url v1.10.0/go.mod h1:RsPWWy7u/hwmFX57sQ7MLvrvJeYyNkiMm5BaavpoU18=
github.com/aws/aws-sdk-go-v2/service/kms v1.25.0 h1:8DluuYlgQnMtv9LKnOnsjiOL4M8AvZRE738aF47HCBs=
github.com/aws/aws-sdk-go-v2/service/kms v1.25.0/go.mod h1:JJa9Mji4gqfRLMxhc1Gj7kYag/JfXBsY9d/9G1ahIo8=
github.com/aws/aws-sdk-go-v2/service/sso v1.16.0 h1:ZIlR6Wr/EgYwBdEz1NWBqdUsTh0mV7A68pId3YZl6H0=
github.com/aws/aws-sdk-go-v2/service/sso v1.16.0/go.mod h1:O7B5cpuhhJKefAKkM7onb0McmpHyKnsH4RrHJhOyq7M=
github.com/aws/aws-sdk-go-v2/service/ssooidc v1.18.0 h1:3BZyJei4k1SHdSAFhg9Qg15NnG3v5zosZyFWPm7df/A=
github.com/aws/aws-sdk-go-v2/service/ssooidc v1.18.0/go.mod h1:Td8EvzggonY02wLaqSpwybI3GbmA0PWoprKGil2uwJg=
github.com/aws/aws-sdk-go-v2/service/sts v1.24.0 h1:f/V5Y9OaHuNRrA9MntNQNAtMFXqhKj8HTEPnH81eXMI=
github.com/aws/aws-sdk-go-v2/service/sts v1.24.0/go.mod h1:HnCUMNz2XqwnEEk5X6oeDYB2HgOLFpJ/LyfilN8WErs=
github.com/aws/smithy-go v1.16.0 h1:gJZEH/Fqh+RsvlJ1Zt4tVAtV6bKkp3cC+R6FCZMNzik=
github.com/aws/smithy-go v1.16.0/go.mod h1:NukqUGpCZIILqqiV0NIjeFh24kd/FAa4beRb6nbIUPE=
github.com/coreos/go-systemd/v22 v22.5.0/go.mod h1:Y58oyj3AT4RCenI/lSvhwexgC+NSVTIJ3seZv2GcEnc=
github.com/davecgh/go-spew v1.1.1 h1:vj9j/u1bqnvCEfJOwUhtlOARqs3+rkHYY13jYWTU97c=
github.com/davecgh/go-spew v1.1.1/go.mod h1:J7Y8YcW2NihsgmVo/mv3lAwl/skON4iLHjSsI+c5H38=
github.com/godbus/dbus/v5 v5.0.4/go.mod h1:xhWf0FNVPg57R7Z0UbKHbJfkEywrmjJnf7w5xrFpKfA=
github.com/google/go-cmp v0.5.8 h1:e6P7q2lk1O+qJJb4BtCQXlK8vWEO8V1ZeuEdJNOqZyg=
github.com/mattn/go-colorable v0.1.13 h1:fFA4WZxdEF4tXPZVKMLwD8oUnCTTo08duU7wxecdEvA=
github.com/mattn/go-colorable v0.1.13/go.mod h1:7S9/ev0klgBDR4GtXTXX8a3vIGJpMovkB8vQcUbaXHg=
github.com/mattn/go-isatty v0.0.16/go.mod h1:kYGgaQfpe5nmfYZH+SKPsOc2e4SrIfOl2e/yFXSvRLM=
github.com/mattn/go-isatty v0.0.19/go.mod h1:W+V8PltTTMOvKvAeJH7IuucS94S2C6jfK/D7dTCTo3Y=
github.com/mattn/go-isatty v0.0.20 h1:xfD0iDuEKnDkl03q4limB+vH+GxLEtL/jb4xVJSWWEY=
github.com/mattn/go-isatty v0.0.20/go.mod h1:W+V8PltTTMOvKvAeJH7IuucS94S2C6jfK/D7dTCTo3Y=
github.com/pkg/errors v0.9.1/go.mod h1:bwawxfHBFNV+L2hUp1rHADufV3IMtnDRdf1r5NINEl0=
github.com/pmezard/go-difflib v1.0.0 h1:4DBwDE0NGyQoBHbLQYPwSUPoCMWR5BEzIk/f1lZbAQM=
github.com/pmezard/go-difflib v1.0.0/go.mod h1:iKH77koFhYxTK1pcRnkKkqfTogsbg7gZNVY4sRDYZ/4=
github.com/rs/xid v1.5.0/go.mod h1:trrq9SKmegXys3aeAKXMUTdJsYXVwGY3RLcfgqegfbg=
github.com/rs/zerolog v1.31.0 h1:FcTR3NnLWW+NnTwwhFWiJSZr4ECLpqCm6QsEnyvbV4A=
github.com/rs/zerolog v1.31.0/go.mod h1:/7mN4D5sKwJLZQ2b/znpjC3/GQWY/xaDXUM0kKWRHss=
github.com/stretchr/testify v1.8.4 h1:CcVxjf3Q8PM0mHUKJCdn+eZZtm5yQwehR5yeSVQQcUk=
github.com/stretchr/testify v1.8.4/go.mod h1:sz/lmYIOXD/1dqDmKjjqLyZ2RngseejIcXlSw2iwfAo=
golang.org/x/crypto v0.14.0 h1:wBqGXzWJW6m1XrIKlAH0Hs1JJ7+9KBwnIO8v66Q9cHc=
golang.org/x/crypto v0.14.0/go.mod h1:MVFd36DqK4CsrnJYDkBA3VC4m2GkXAM0PvzMCn4JQf4=
golang.org/x/sys v0.0.0-20220811171246-fbc7d0a398ab/go.mod h1:oPkhp1MJrh7nUepCBck5+mAzfO9JrbApNNgaTdGDITg=
golang.org/x/sys v0.6.0/go.mod h1:oPkhp1MJrh7nUepCBck5+mAzfO9JrbApNNgaTdGDITg=
golang.org/x/sys v0.12.0/go.mod h1:oPkhp1MJrh7nUepCBck5+mAzfO9JrbApNNgaTdGDITg=
golang.org/x/sys v0.13.0 h1:Af8nKPmuFypiUBjVoU9V20FiaFXOcuZI21p0ycVYYGE=
golang.org/x/sys v0.13.0/go.mod h1:oPkhp1MJrh7nUepCBck5+mAzfO9JrbApNNgaTdGDITg=
gopkg.in/check.v1 v0.0.0-20161208181325-20d25e280405 h1:yhCVgyC4o1eVCa2tZl7eS0r+SDo693bJlVdllGtEeKM=
gopkg.in/check.v1 v0.0.0-20161208181325-20d25e280405/go.mod h1:Co6ibVJAznAaIkqp8huTwlJQCZ016jof/cbN4VW5Yz0=
gopkg.in/yaml.v3 v3.0.1 h1:fxVm/GzAzEWqLHuvctI91KS9hhNmmWOoWu0XTYJS7CA=
gopkg.in/yaml.v3 v3.0.1/go.mod h1:K4uyk7z7BCEPqu6E+C64Yfv1cQ7kz7rIZviUmN+EgEM=
