github.com/aws/aws-sdk-go-v2 v1.27.1 h1:xypCL2owhog46iFxBKKpBcw+bPTX/RJzwNj8uSilENw=
github.com/aws/aws-sdk-go-v2 v1.27.1/go.mod h1:ffIFB97e2yNsv4aTSGkqtHnppsIJzw7G7BReUZ3jCXM=
github.com/aws/aws-sdk-go-v2/config v1.27.17 h1:L0JZN7Gh7pT6u5CJReKsLhGKparqNKui+mcpxMXjDZc=
github.com/aws/aws-sdk-go-v2/config v1.27.17/go.mod h1:MzM3balLZeaafYcPz8IihAmam/aCz6niPQI0FdprxW0=
github.com/aws/aws-sdk-go-v2/credentials v1.17.17 h1:b3Dk9uxQByS9sc6r0sc2jmxsJKO75eOcb9nNEiaUBLM=
github.com/aws/aws-sdk-go-v2/credentials v1.17.17/go.mod h1:e4khg9iY08LnFK/HXQDWMf9GDaiMari7jWPnXvKAuBU=
github.com/aws/aws-sdk-go-v2/feature/ec2/imds v1.16.4 h1:0cSfTYYL9qiRcdi4Dvz+8s3JUgNR2qvbgZkXcwPEEEk=
github.com/aws/aws-sdk-go-v2/feature/ec2/imds v1.16.4/go.mod h1:Wjn5O9eS7uSi7vlPKt/v0MLTncANn9EMmoDvnzJli6o=
github.com/aws/aws-sdk-go-v2/internal/configsources v1.3.8 h1:RnLB7p6aaFMRfyQkD6ckxR7myCC9SABIqSz4czYUUbU=
github.com/aws/aws-sdk-go-v2/internal/configsources v1.3.8/go.mod h1:XH7dQJd+56wEbP1I4e4Duo+QhSMxNArE8VP7NuUOTeM=
github.com/aws/aws-sdk-go-v2/internal/endpoints/v2 v2.6.8 h1:jzApk2f58L9yW9q1GEab3BMMFWUkkiZhyrRUtbwUbKU=
github.com/aws/aws-sdk-go-v2/internal/endpoints/v2 v2.6.8/go.mod h1:WqO+FftfO3tGePUtQxPXM6iODVfqMwsVMgTbG/ZXIdQ=
github.com/aws/aws-sdk-go-v2/internal/ini v1.8.0 h1:hT8rVHwugYE2lEfdFE0QWVo81lF7jMrYJVDWI+f+VxU=
github.com/aws/aws-sdk-go-v2/internal/ini v1.8.0/go.mod h1:8tu/lYfQfFe6IGnaOdrpVgEL2IrrDOf6/m9RQum4NkY=
github.com/aws/aws-sdk-go-v2/service/internal/accept-encoding v1.11.2 h1:Ji0DY1xUsUr3I8cHps0G+XM3WWU16lP6yG8qu1GAZAs=
github.com/aws/aws-sdk-go-v2/service/internal/accept-encoding v1.11.2/go.mod h1:5CsjAbs3NlGQyZNFACh+zztPDI7fU6eW9QsxjfnuBKg=
github.com/aws/aws-sdk-go-v2/service/internal/presigned-url v1.11.10 h1:7kZqP7akv0enu6ykJhb9OYlw16oOrSy+Epus8o/VqMY=
github.com/aws/aws-sdk-go-v2/service/internal/presigned-url v1.11.10/go.mod h1:gYVF3nM1ApfTRDj9pvdhootBb8WbiIejuqn4w8ruMes=
github.com/aws/aws-sdk-go-v2/service/kms v1.32.2 h1:WuwRxTSPc+E4dwDRmxh4TILJsnYoqm41KTb11pRkzBA=
github.com/aws/aws-sdk-go-v2/service/kms v1.32.2/go.mod h1:qEy625xFxrw6hA+eOAD030wmLERPa7LNCArh+gAC+8o=
github.com/aws/aws-sdk-go-v2/service/sso v1.20.10 h1:ItKVmFwbyb/ZnCWf+nu3XBVmUirpO9eGEQd7urnBA0s=
github.com/aws/aws-sdk-go-v2/service/sso v1.20.10/go.mod h1:5XKooCTi9VB/xZmJDvh7uZ+v3uQ7QdX6diOyhvPA+/w=
github.com/aws/aws-sdk-go-v2/service/ssooidc v1.24.4 h1:QMSCYDg3Iyls0KZc/dk3JtS2c1lFfqbmYO10qBPPkJk=
github.com/aws/aws-sdk-go-v2/service/ssooidc v1.24.4/go.mod h1:MZ/PVYU/mRbmSF6WK3ybCYHjA2mig8utVokDEVLDgE0=
github.com/aws/aws-sdk-go-v2/service/sts v1.28.11 h1:HYS0csS7UJxdYRoG+bGgUYrSwVnV3/ece/wHm90TApM=
github.com/aws/aws-sdk-go-v2/service/sts v1.28.11/go.mod h1:QXnthRM35zI92048MMwfFChjFmoufTdhtHmouwNfhhU=
github.com/aws/smithy-go v1.20.2 h1:tbp628ireGtzcHDDmLT/6ADHidqnwgF57XOXZe6tp4Q=
github.com/aws/smithy-go v1.20.2/go.mod h1:krry+ya/rV9RDcV/Q16kpu6ypI4K2czasz0NC3qS14E=
github.com/coreos/go-systemd/v22 v22.5.0/go.mod h1:Y58oyj3AT4RCenI/lSvhwexgC+NSVTIJ3seZv2GcEnc=
github.com/davecgh/go-spew v1.1.1 h1:vj9j/u1bqnvCEfJOwUhtlOARqs3+rkHYY13jYWTU97c=
github.com/davecgh/go-spew v1.1.1/go.mod h1:J7Y8YcW2NihsgmVo/mv3lAwl/skON4iLHjSsI+c5H38=
github.com/godbus/dbus/v5 v5.0.4/go.mod h1:xhWf0FNVPg57R7Z0UbKHbJfkEywrmjJnf7w5xrFpKfA=
github.com/mattn/go-colorable v0.1.13 h1:fFA4WZxdEF4tXPZVKMLwD8oUnCTTo08duU7wxecdEvA=
github.com/mattn/go-colorable v0.1.13/go.mod h1:7S9/ev0klgBDR4GtXTXX8a3vIGJpMovkB8vQcUbaXHg=
github.com/mattn/go-isatty v0.0.16/go.mod h1:kYGgaQfpe5nmfYZH+SKPsOc2e4SrIfOl2e/yFXSvRLM=
github.com/mattn/go-isatty v0.0.19/go.mod h1:W+V8PltTTMOvKvAeJH7IuucS94S2C6jfK/D7dTCTo3Y=
github.com/mattn/go-isatty v0.0.20 h1:xfD0iDuEKnDkl03q4limB+vH+GxLEtL/jb4xVJSWWEY=
github.com/mattn/go-isatty v0.0.20/go.mod h1:W+V8PltTTMOvKvAeJH7IuucS94S2C6jfK/D7dTCTo3Y=
github.com/pkg/errors v0.9.1/go.mod h1:bwawxfHBFNV+L2hUp1rHADufV3IMtnDRdf1r5NINEl0=
github.com/pmezard/go-difflib v1.0.0 h1:4DBwDE0NGyQoBHbLQYPwSUPoCMWR5BEzIk/f1lZbAQM=
github.com/pmezard/go-difflib v1.0.0/go.mod h1:iKH77koFhYxTK1pcRnkKkqfTogsbg7gZNVY4sRDYZ/4=
github.com/rs/xid v1.5.0/go.mod h1:trrq9SKmegXys3aeAKXMUTdJsYXVwGY3RLcfgqegfbg=
github.com/rs/zerolog v1.32.0 h1:keLypqrlIjaFsbmJOBdB/qvyF8KEtCWHwobLp5l/mQ0=
github.com/rs/zerolog v1.32.0/go.mod h1:/7mN4D5sKwJLZQ2b/znpjC3/GQWY/xaDXUM0kKWRHss=
github.com/stretchr/objx v0.5.2 h1:xuMeJ0Sdp5ZMRXx/aWO6RZxdr3beISkG5/G/aIRr3pY=
github.com/stretchr/objx v0.5.2/go.mod h1:FRsXN1f5AsAjCGJKqEizvkpNtU+EGNCLh3NxZ/8L+MA=
github.com/stretchr/testify v1.9.0 h1:HtqpIVDClZ4nwg75+f6Lvsy/wHu+3BoSGCbBAcpTsTg=
github.com/stretchr/testify v1.9.0/go.mod h1:r2ic/lqez/lEtzL7wO/rwa5dbSLXVDPFyf8C91i36aY=
golang.org/x/crypto v0.22.0 h1:g1v0xeRhjcugydODzvb3mEM9SQ0HGp9s/nh3COQ/C30=
golang.org/x/crypto v0.22.0/go.mod h1:vr6Su+7cTlO45qkww3VDJlzDn0ctJvRgYbC2NvXHt+M=
golang.org/x/sys v0.0.0-20220811171246-fbc7d0a398ab/go.mod h1:oPkhp1MJrh7nUepCBck5+mAzfO9JrbApNNgaTdGDITg=
golang.org/x/sys v0.6.0/go.mod h1:oPkhp1MJrh7nUepCBck5+mAzfO9JrbApNNgaTdGDITg=
golang.org/x/sys v0.12.0/go.mod h1:oPkhp1MJrh7nUepCBck5+mAzfO9JrbApNNgaTdGDITg=
golang.org/x/sys v0.19.0 h1:q5f1RH2jigJ1MoAWp2KTp3gm5zAGFUTarQZ5U386+4o=
golang.org/x/sys v0.19.0/go.mod h1:/VUhepiaJMQUp4+oa/7Zr1D23ma6VTLIYjOOTFZPUcA=
gopkg.in/check.v1 v0.0.0-20161208181325-20d25e280405 h1:yhCVgyC4o1eVCa2tZl7eS0r+SDo693bJlVdllGtEeKM=
gopkg.in/check.v1 v0.0.0-20161208181325-20d25e280405/go.mod h1:Co6ibVJAznAaIkqp8huTwlJQCZ016jof/cbN4VW5Yz0=
gopkg.in/yaml.v3 v3.0.1 h1:fxVm/GzAzEWqLHuvctI91KS9hhNmmWOoWu0XTYJS7CA=
gopkg.in/yaml.v3 v3.0.1/go.mod h1:K4uyk7z7BCEPqu6E+C64Yfv1cQ7kz7rIZviUmN+EgEM=
