github.com/aws/aws-sdk-go-v2 v1.26.0 h1:/Ce4OCiM3EkpW7Y+xUnfAFpchU78K7/Ug01sZni9PgA=
github.com/aws/aws-sdk-go-v2 v1.26.0/go.mod h1:35hUlJVYd+M++iLI3ALmVwMOyRYMmRqUXpTtRGW+K9I=
github.com/aws/aws-sdk-go-v2/internal/configsources v1.3.4 h1:0ScVK/4qZ8CIW0k8jOeFVsyS/sAiXpYxRBLolMkuLQM=
github.com/aws/aws-sdk-go-v2/internal/configsources v1.3.4/go.mod h1:84KyjNZdHC6QZW08nfHI6yZgPd+qRgaWcYsyLUo3QY8=
github.com/aws/aws-sdk-go-v2/internal/endpoints/v2 v2.6.4 h1:sHmMWWX5E7guWEFQ9SVo6A3S4xpPrWnd77a6y4WM6PU=
github.com/aws/aws-sdk-go-v2/internal/endpoints/v2 v2.6.4/go.mod h1:WjpDrhWisWOIoS9n3nk67A3Ll1vfULJ9Kq6h29HTD48=
github.com/aws/aws-sdk-go-v2/service/kms v1.30.0 h1:yS0JkEdV6h9JOo8sy2JSpjX+i7vsKifU8SIeHrqiDhU=
github.com/aws/aws-sdk-go-v2/service/kms v1.30.0/go.mod h1:+I8VUUSVD4p5ISQtzpgSva4I8cJ4SQ4b1dcBcof7O+g=
github.com/aws/smithy-go v1.20.1 h1:4SZlSlMr36UEqC7XOyRVb27XMeZubNcBNN+9IgEPIQw=
github.com/aws/smithy-go v1.20.1/go.mod h1:krry+ya/rV9RDcV/Q16kpu6ypI4K2czasz0NC3qS14E=
github.com/davecgh/go-spew v1.1.1 h1:vj9j/u1bqnvCEfJOwUhtlOARqs3+rkHYY13jYWTU97c=
github.com/pmezard/go-difflib v1.0.0 h1:4DBwDE0NGyQoBHbLQYPwSUPoCMWR5BEzIk/f1lZbAQM=
github.com/stretchr/objx v0.5.2 h1:xuMeJ0Sdp5ZMRXx/aWO6RZxdr3beISkG5/G/aIRr3pY=
github.com/stretchr/testify v1.9.0 h1:HtqpIVDClZ4nwg75+f6Lvsy/wHu+3BoSGCbBAcpTsTg=
golang.org/x/crypto v0.21.0 h1:X31++rzVUdKhX5sWmSOFZxx8UW/ldWx55cbf08iNAMA=
golang.org/x/crypto v0.21.0/go.mod h1:0BP7YvVV9gBbVKyeTG0Gyn+gZm94bibOW5BjDEYAOMs=
gopkg.in/yaml.v3 v3.0.1 h1:fxVm/GzAzEWqLHuvctI91KS9hhNmmWOoWu0XTYJS7CA=
