github.com/aws/aws-sdk-go-v2 v1.23.4 h1:2P20ZjH0ouSAu/6yZep8oCmTReathLuEu6dwoqEgjts=
github.com/aws/aws-sdk-go-v2 v1.23.4/go.mod h1:t3szzKfP0NeRU27uBFczDivYJjsmSnqI8kIvKyWb9ds=
github.com/aws/aws-sdk-go-v2/config v1.25.10 h1:qw/e8emDtNufTkrAU86DlQ18DruMyyM7ttW6Lgwp4v0=
github.com/aws/aws-sdk-go-v2/config v1.25.10/go.mod h1:203YiAtb6XyoGxXMPsUVwEcuxCiTQY/r8P27IDjfvMc=
github.com/aws/aws-sdk-go-v2/credentials v1.16.8 h1:phw9nRLy/77bPk6Mfu2SHCOnHwfVB7WWrOa5rZIY2Fc=
github.com/aws/aws-sdk-go-v2/credentials v1.16.8/go.mod h1:MrS4SOin6adbO6wgWhdifyPiq+TX7fPPwyA/ZLC1F5M=
github.com/aws/aws-sdk-go-v2/feature/ec2/imds v1.14.8 h1:tQZLSPC2Zj2CqZHonLmWEvCsbpMX5tQvaYJWHadcPek=
github.com/aws/aws-sdk-go-v2/feature/ec2/imds v1.14.8/go.mod h1:5+YpvTHDFffykWr5qAGjqwoh8oVYZOddL3sSrEN7lws=
github.com/aws/aws-sdk-go-v2/internal/configsources v1.2.7 h1:eMqD7ku6WGdmcWWXPYun9m6yk6feSULLhJlAtN6rYG4=
github.com/aws/aws-sdk-go-v2/internal/configsources v1.2.7/go.mod h1:0oBIfcDV6LScxEW0VgOqxT3e4aqKRp+SYhB9wAd5E3Q=
github.com/aws/aws-sdk-go-v2/internal/endpoints/v2 v2.5.7 h1:+XYhWhgWs5F3Zx8oa49CXzNvfXrItaDjZB/M172fcHQ=
github.com/aws/aws-sdk-go-v2/internal/endpoints/v2 v2.5.7/go.mod h1:L6tcSRyCGxcKfDWUrmv2jv8G1cLDU7d0FUpEFpG9bVE=
github.com/aws/aws-sdk-go-v2/internal/ini v1.7.1 h1:uR9lXYjdPX0xY+NhvaJ4dD8rpSRz5VY81ccIIoNG+lw=
github.com/aws/aws-sdk-go-v2/internal/ini v1.7.1/go.mod h1:6fQQgfuGmw8Al/3M2IgIllycxV7ZW7WCdVSqfBeUiCY=
github.com/aws/aws-sdk-go-v2/service/internal/accept-encoding v1.10.3 h1:e3PCNeEaev/ZF01cQyNZgmYE9oYYePIMJs2mWSKG514=
github.com/aws/aws-sdk-go-v2/service/internal/accept-encoding v1.10.3/go.mod h1:gIeeNyaL8tIEqZrzAnTeyhHcE0yysCtcaP+N9kxLZ+E=
github.com/aws/aws-sdk-go-v2/service/internal/presigned-url v1.10.7 h1:dU+ZyhvqMB/T/TxjGagHMCdyUiqaThRIaMu3YvKiSQI=
github.com/aws/aws-sdk-go-v2/service/internal/presigned-url v1.10.7/go.mod h1:SGORuNqoXyWfTvTp/gBGJfv8jRvW/+nha0XhnIXVI+o=
github.com/aws/aws-sdk-go-v2/service/kms v1.27.1 h1:r9ZaZl6pry/tIri5S0LGyY56cDWFKPWd9a+sUqYrMt8=
github.com/aws/aws-sdk-go-v2/service/kms v1.27.1/go.mod h1:jjm2TioW0CKmmwRPqg7etb852nKYc7xqea7/vGKdkjU=
github.com/aws/aws-sdk-go-v2/service/sso v1.18.1 h1:V40g2daNO3l1J94JYwqfkyvQMYXi5I25fs3fNQW8iDs=
github.com/aws/aws-sdk-go-v2/service/sso v1.18.1/go.mod h1:0ZWQJP/mBOUxkCvZKybZNz1XmdUKSBxoF0dzgfxtvDs=
github.com/aws/aws-sdk-go-v2/service/ssooidc v1.21.1 h1:uQrj7SpUNC3r55vc1CDh3qV9wJC66lz546xM9dhSo5s=
github.com/aws/aws-sdk-go-v2/service/ssooidc v1.21.1/go.mod h1:oyaTk5xEAOuPXX1kCD7HmIeuLqdj3Bk5yGkqGXtGi14=
github.com/aws/aws-sdk-go-v2/service/sts v1.26.1 h1:K33V7L0XDdb23FMOZySr8bon1jou5SHn1fiv7NJ1SUg=
github.com/aws/aws-sdk-go-v2/service/sts v1.26.1/go.mod h1:YtXUl/sfnS06VksYhr855hTQf2HphfT1Xv/EwuzbPjg=
github.com/aws/smithy-go v1.18.1 h1:pOdBTUfXNazOlxLrgeYalVnuTpKreACHtc62xLwIB3c=
github.com/aws/smithy-go v1.18.1/go.mod h1:NukqUGpCZIILqqiV0NIjeFh24kd/FAa4beRb6nbIUPE=
github.com/coreos/go-systemd/v22 v22.5.0/go.mod h1:Y58oyj3AT4RCenI/lSvhwexgC+NSVTIJ3seZv2GcEnc=
github.com/davecgh/go-spew v1.1.1 h1:vj9j/u1bqnvCEfJOwUhtlOARqs3+rkHYY13jYWTU97c=
github.com/godbus/dbus/v5 v5.0.4/go.mod h1:xhWf0FNVPg57R7Z0UbKHbJfkEywrmjJnf7w5xrFpKfA=
github.com/google/go-cmp v0.5.8 h1:e6P7q2lk1O+qJJb4BtCQXlK8vWEO8V1ZeuEdJNOqZyg=
github.com/mattn/go-colorable v0.1.13 h1:fFA4WZxdEF4tXPZVKMLwD8oUnCTTo08duU7wxecdEvA=
github.com/mattn/go-colorable v0.1.13/go.mod h1:7S9/ev0klgBDR4GtXTXX8a3vIGJpMovkB8vQcUbaXHg=
github.com/mattn/go-isatty v0.0.16/go.mod h1:kYGgaQfpe5nmfYZH+SKPsOc2e4SrIfOl2e/yFXSvRLM=
github.com/mattn/go-isatty v0.0.19/go.mod h1:W+V8PltTTMOvKvAeJH7IuucS94S2C6jfK/D7dTCTo3Y=
github.com/mattn/go-isatty v0.0.20 h1:xfD0iDuEKnDkl03q4limB+vH+GxLEtL/jb4xVJSWWEY=
github.com/mattn/go-isatty v0.0.20/go.mod h1:W+V8PltTTMOvKvAeJH7IuucS94S2C6jfK/D7dTCTo3Y=
github.com/pkg/errors v0.9.1/go.mod h1:bwawxfHBFNV+L2hUp1rHADufV3IMtnDRdf1r5NINEl0=
github.com/pmezard/go-difflib v1.0.0 h1:4DBwDE0NGyQoBHbLQYPwSUPoCMWR5BEzIk/f1lZbAQM=
github.com/rs/xid v1.5.0/go.mod h1:trrq9SKmegXys3aeAKXMUTdJsYXVwGY3RLcfgqegfbg=
github.com/rs/zerolog v1.31.0 h1:FcTR3NnLWW+NnTwwhFWiJSZr4ECLpqCm6QsEnyvbV4A=
github.com/rs/zerolog v1.31.0/go.mod h1:/7mN4D5sKwJLZQ2b/znpjC3/GQWY/xaDXUM0kKWRHss=
github.com/stretchr/objx v0.5.0 h1:1zr/of2m5FGMsad5YfcqgdqdWrIhu+EBEJRhR1U7z/c=
github.com/stretchr/testify v1.8.4 h1:CcVxjf3Q8PM0mHUKJCdn+eZZtm5yQwehR5yeSVQQcUk=
golang.org/x/crypto v0.16.0 h1:mMMrFzRSCF0GvB7Ne27XVtVAaXLrPmgPC7/v0tkwHaY=
golang.org/x/crypto v0.16.0/go.mod h1:gCAAfMLgwOJRpTjQ2zCCt2OcSfYMTeZVSRtQlPC7Nq4=
golang.org/x/sys v0.0.0-20220811171246-fbc7d0a398ab/go.mod h1:oPkhp1MJrh7nUepCBck5+mAzfO9JrbApNNgaTdGDITg=
golang.org/x/sys v0.6.0/go.mod h1:oPkhp1MJrh7nUepCBck5+mAzfO9JrbApNNgaTdGDITg=
golang.org/x/sys v0.12.0/go.mod h1:oPkhp1MJrh7nUepCBck5+mAzfO9JrbApNNgaTdGDITg=
golang.org/x/sys v0.15.0 h1:h48lPFYpsTvQJZF4EKyI4aLHaev3CxivZmv7yZig9pc=
golang.org/x/sys v0.15.0/go.mod h1:/VUhepiaJMQUp4+oa/7Zr1D23ma6VTLIYjOOTFZPUcA=
gopkg.in/yaml.v3 v3.0.1 h1:fxVm/GzAzEWqLHuvctI91KS9hhNmmWOoWu0XTYJS7CA=
